{
  "object": {
    "pins": [
      {
        "package": "XMLCoder",
        "repositoryURL": "https://github.com/CoreOffice/XMLCoder",
        "state": {
          "branch": null,
          "revision": "666227de3b4cf4adcce7c70b8b89f98c7df02754",
          "version": "0.16.0"
        }
      }
    ]
  },
  "version": 1
}
